// !$*UTF8*$!
{
	archiveVersion = 1;
	classes = {
	};
	objectVersion = 50;
	objects = {

/* Begin PBXBuildFile section */
		DC4F264B259FC49100F9E2B3 /* Task.swift in Sources */ = {isa = PBXBuildFile; fileRef = DC4F264A259FC49100F9E2B3 /* Task.swift */; };
		DC4F264F259FC56400F9E2B3 /* TaskParts.swift in Sources */ = {isa = PBXBuildFile; fileRef = DC4F264E259FC56400F9E2B3 /* TaskParts.swift */; };
		DC4F2652259FCB7B00F9E2B3 /* TaskCell.swift in Sources */ = {isa = PBXBuildFile; fileRef = DC4F2651259FCB7B00F9E2B3 /* TaskCell.swift */; };
		DC4F2655259FD0EC00F9E2B3 /* NewTaskView.swift in Sources */ = {isa = PBXBuildFile; fileRef = DC4F2654259FD0EC00F9E2B3 /* NewTaskView.swift */; };
		DC4F265925A1111D00F9E2B3 /* TodayView.swift in Sources */ = {isa = PBXBuildFile; fileRef = DC4F265825A1111D00F9E2B3 /* TodayView.swift */; };
		DCD8617525991D9D009AA4AE /* dosomethingApp.swift in Sources */ = {isa = PBXBuildFile; fileRef = DCD8617425991D9D009AA4AE /* dosomethingApp.swift */; };
		DCD8617725991D9D009AA4AE /* ContentView.swift in Sources */ = {isa = PBXBuildFile; fileRef = DCD8617625991D9D009AA4AE /* ContentView.swift */; };
		DCD8617925991D9F009AA4AE /* Assets.xcassets in Resources */ = {isa = PBXBuildFile; fileRef = DCD8617825991D9F009AA4AE /* Assets.xcassets */; };
		DCD8617C25991D9F009AA4AE /* Preview Assets.xcassets in Resources */ = {isa = PBXBuildFile; fileRef = DCD8617B25991D9F009AA4AE /* Preview Assets.xcassets */; };
/* End PBXBuildFile section */

/* Begin PBXFileReference section */
		DC4F264A259FC49100F9E2B3 /* Task.swift */ = {isa = PBXFileReference; lastKnownFileType = sourcecode.swift; path = Task.swift; sourceTree = "<group>"; };
		DC4F264E259FC56400F9E2B3 /* TaskParts.swift */ = {isa = PBXFileReference; lastKnownFileType = sourcecode.swift; path = TaskParts.swift; sourceTree = "<group>"; };
		DC4F2651259FCB7B00F9E2B3 /* TaskCell.swift */ = {isa = PBXFileReference; lastKnownFileType = sourcecode.swift; path = TaskCell.swift; sourceTree = "<group>"; };
		DC4F2654259FD0EC00F9E2B3 /* NewTaskView.swift */ = {isa = PBXFileReference; lastKnownFileType = sourcecode.swift; path = NewTaskView.swift; sourceTree = "<group>"; };
		DC4F265825A1111D00F9E2B3 /* TodayView.swift */ = {isa = PBXFileReference; lastKnownFileType = sourcecode.swift; path = TodayView.swift; sourceTree = "<group>"; };
		DCD8617125991D9D009AA4AE /* dosomething.app */ = {isa = PBXFileReference; explicitFileType = wrapper.application; includeInIndex = 0; path = dosomething.app; sourceTree = BUILT_PRODUCTS_DIR; };
		DCD8617425991D9D009AA4AE /* dosomethingApp.swift */ = {isa = PBXFileReference; lastKnownFileType = sourcecode.swift; path = dosomethingApp.swift; sourceTree = "<group>"; };
		DCD8617625991D9D009AA4AE /* ContentView.swift */ = {isa = PBXFileReference; lastKnownFileType = sourcecode.swift; path = ContentView.swift; sourceTree = "<group>"; };
		DCD8617825991D9F009AA4AE /* Assets.xcassets */ = {isa = PBXFileReference; lastKnownFileType = folder.assetcatalog; path = Assets.xcassets; sourceTree = "<group>"; };
		DCD8617B25991D9F009AA4AE /* Preview Assets.xcassets */ = {isa = PBXFileReference; lastKnownFileType = folder.assetcatalog; path = "Preview Assets.xcassets"; sourceTree = "<group>"; };
		DCD8617D25991D9F009AA4AE /* Info.plist */ = {isa = PBXFileReference; lastKnownFileType = text.plist.xml; path = Info.plist; sourceTree = "<group>"; };
		DCD8618425991E17009AA4AE /* README.md */ = {isa = PBXFileReference; lastKnownFileType = net.daringfireball.markdown; name = README.md; path = dosomething/README.md; sourceTree = "<group>"; };
/* End PBXFileReference section */

/* Begin PBXFrameworksBuildPhase section */
		DCD8616E25991D9C009AA4AE /* Frameworks */ = {
			isa = PBXFrameworksBuildPhase;
			buildActionMask = 2147483647;
			files = (
			);
			runOnlyForDeploymentPostprocessing = 0;
		};
/* End PBXFrameworksBuildPhase section */

/* Begin PBXGroup section */
		DCD8616825991D9C009AA4AE = {
			isa = PBXGroup;
			children = (
				DCD8618425991E17009AA4AE /* README.md */,
				DCD8617325991D9D009AA4AE /* dosomething */,
				DCD8617225991D9D009AA4AE /* Products */,
			);
			sourceTree = "<group>";
		};
		DCD8617225991D9D009AA4AE /* Products */ = {
			isa = PBXGroup;
			children = (
				DCD8617125991D9D009AA4AE /* dosomething.app */,
			);
			name = Products;
			sourceTree = "<group>";
		};
		DCD8617325991D9D009AA4AE /* dosomething */ = {
			isa = PBXGroup;
			children = (
				DCD8617425991D9D009AA4AE /* dosomethingApp.swift */,
				DCD8617625991D9D009AA4AE /* ContentView.swift */,
				DC4F265825A1111D00F9E2B3 /* TodayView.swift */,
				DC4F2651259FCB7B00F9E2B3 /* TaskCell.swift */,
				DC4F2654259FD0EC00F9E2B3 /* NewTaskView.swift */,
				DC4F264A259FC49100F9E2B3 /* Task.swift */,
				DC4F264E259FC56400F9E2B3 /* TaskParts.swift */,
				DCD8617825991D9F009AA4AE /* Assets.xcassets */,
				DCD8617D25991D9F009AA4AE /* Info.plist */,
				DCD8617A25991D9F009AA4AE /* Preview Content */,
			);
			path = dosomething;
			sourceTree = "<group>";
		};
		DCD8617A25991D9F009AA4AE /* Preview Content */ = {
			isa = PBXGroup;
			children = (
				DCD8617B25991D9F009AA4AE /* Preview Assets.xcassets */,
			);
			path = "Preview Content";
			sourceTree = "<group>";
		};
/* End PBXGroup section */

/* Begin PBXNativeTarget section */
		DCD8617025991D9C009AA4AE /* dosomething */ = {
			isa = PBXNativeTarget;
			buildConfigurationList = DCD8618025991D9F009AA4AE /* Build configuration list for PBXNativeTarget "dosomething" */;
			buildPhases = (
				DCD8616D25991D9C009AA4AE /* Sources */,
				DCD8616E25991D9C009AA4AE /* Frameworks */,
				DCD8616F25991D9C009AA4AE /* Resources */,
			);
			buildRules = (
			);
			dependencies = (
			);
			name = dosomething;
			productName = dosomething;
			productReference = DCD8617125991D9D009AA4AE /* dosomething.app */;
			productType = "com.apple.product-type.application";
		};
/* End PBXNativeTarget section */

/* Begin PBXProject section */
		DCD8616925991D9C009AA4AE /* Project object */ = {
			isa = PBXProject;
			attributes = {
				LastSwiftUpdateCheck = 1230;
				LastUpgradeCheck = 1230;
				TargetAttributes = {
					DCD8617025991D9C009AA4AE = {
						CreatedOnToolsVersion = 12.3;
					};
				};
			};
			buildConfigurationList = DCD8616C25991D9C009AA4AE /* Build configuration list for PBXProject "dosomething" */;
			compatibilityVersion = "Xcode 9.3";
			developmentRegion = en;
			hasScannedForEncodings = 0;
			knownRegions = (
				en,
				Base,
			);
			mainGroup = DCD8616825991D9C009AA4AE;
			productRefGroup = DCD8617225991D9D009AA4AE /* Products */;
			projectDirPath = "";
			projectRoot = "";
			targets = (
				DCD8617025991D9C009AA4AE /* dosomething */,
			);
		};
/* End PBXProject section */

/* Begin PBXResourcesBuildPhase section */
		DCD8616F25991D9C009AA4AE /* Resources */ = {
			isa = PBXResourcesBuildPhase;
			buildActionMask = 2147483647;
			files = (
				DCD8617C25991D9F009AA4AE /* Preview Assets.xcassets in Resources */,
				DCD8617925991D9F009AA4AE /* Assets.xcassets in Resources */,
			);
			runOnlyForDeploymentPostprocessing = 0;
		};
/* End PBXResourcesBuildPhase section */

/* Begin PBXSourcesBuildPhase section */
		DCD8616D25991D9C009AA4AE /* Sources */ = {
			isa = PBXSourcesBuildPhase;
			buildActionMask = 2147483647;
			files = (
				DCD8617725991D9D009AA4AE /* ContentView.swift in Sources */,
				DC4F264B259FC49100F9E2B3 /* Task.swift in Sources */,
				DC4F2655259FD0EC00F9E2B3 /* NewTaskView.swift in Sources */,
				DC4F265925A1111D00F9E2B3 /* TodayView.swift in Sources */,
				DCD8617525991D9D009AA4AE /* dosomethingApp.swift in Sources */,
				DC4F264F259FC56400F9E2B3 /* TaskParts.swift in Sources */,
				DC4F2652259FCB7B00F9E2B3 /* TaskCell.swift in Sources */,
			);
			runOnlyForDeploymentPostprocessing = 0;
		};
/* End PBXSourcesBuildPhase section */

/* Begin XCBuildConfiguration section */
		DCD8617E25991D9F009AA4AE /* Debug */ = {
			isa = XCBuildConfiguration;
			buildSettings = {
				ALWAYS_SEARCH_USER_PATHS = NO;
				CLANG_ANALYZER_NONNULL = YES;
				CLANG_ANALYZER_NUMBER_OBJECT_CONVERSION = YES_AGGRESSIVE;
				CLANG_CXX_LANGUAGE_STANDARD = "gnu++14";
				CLANG_CXX_LIBRARY = "libc++";
				CLANG_ENABLE_MODULES = YES;
				CLANG_ENABLE_OBJC_ARC = YES;
				CLANG_ENABLE_OBJC_WEAK = YES;
				CLANG_WARN_BLOCK_CAPTURE_AUTORELEASING = YES;
				CLANG_WARN_BOOL_CONVERSION = YES;
				CLANG_WARN_COMMA = YES;
				CLANG_WARN_CONSTANT_CONVERSION = YES;
				CLANG_WARN_DEPRECATED_OBJC_IMPLEMENTATIONS = YES;
				CLANG_WARN_DIRECT_OBJC_ISA_USAGE = YES_ERROR;
				CLANG_WARN_DOCUMENTATION_COMMENTS = YES;
				CLANG_WARN_EMPTY_BODY = YES;
				CLANG_WARN_ENUM_CONVERSION = YES;
				CLANG_WARN_INFINITE_RECURSION = YES;
				CLANG_WARN_INT_CONVERSION = YES;
				CLANG_WARN_NON_LITERAL_NULL_CONVERSION = YES;
				CLANG_WARN_OBJC_IMPLICIT_RETAIN_SELF = YES;
				CLANG_WARN_OBJC_LITERAL_CONVERSION = YES;
				CLANG_WARN_OBJC_ROOT_CLASS = YES_ERROR;
				CLANG_WARN_QUOTED_INCLUDE_IN_FRAMEWORK_HEADER = YES;
				CLANG_WARN_RANGE_LOOP_ANALYSIS = YES;
				CLANG_WARN_STRICT_PROTOTYPES = YES;
				CLANG_WARN_SUSPICIOUS_MOVE = YES;
				CLANG_WARN_UNGUARDED_AVAILABILITY = YES_AGGRESSIVE;
				CLANG_WARN_UNREACHABLE_CODE = YES;
				CLANG_WARN__DUPLICATE_METHOD_MATCH = YES;
				COPY_PHASE_STRIP = NO;
				DEBUG_INFORMATION_FORMAT = dwarf;
				ENABLE_STRICT_OBJC_MSGSEND = YES;
				ENABLE_TESTABILITY = YES;
				GCC_C_LANGUAGE_STANDARD = gnu11;
				GCC_DYNAMIC_NO_PIC = NO;
				GCC_NO_COMMON_BLOCKS = YES;
				GCC_OPTIMIZATION_LEVEL = 0;
				GCC_PREPROCESSOR_DEFINITIONS = (
					"DEBUG=1",
					"$(inherited)",
				);
				GCC_WARN_64_TO_32_BIT_CONVERSION = YES;
				GCC_WARN_ABOUT_RETURN_TYPE = YES_ERROR;
				GCC_WARN_UNDECLARED_SELECTOR = YES;
				GCC_WARN_UNINITIALIZED_AUTOS = YES_AGGRESSIVE;
				GCC_WARN_UNUSED_FUNCTION = YES;
				GCC_WARN_UNUSED_VARIABLE = YES;
				IPHONEOS_DEPLOYMENT_TARGET = 14.3;
				MTL_ENABLE_DEBUG_INFO = INCLUDE_SOURCE;
				MTL_FAST_MATH = YES;
				ONLY_ACTIVE_ARCH = YES;
				SDKROOT = iphoneos;
				SWIFT_ACTIVE_COMPILATION_CONDITIONS = DEBUG;
				SWIFT_OPTIMIZATION_LEVEL = "-Onone";
			};
			name = Debug;
		};
		DCD8617F25991D9F009AA4AE /* Release */ = {
			isa = XCBuildConfiguration;
			buildSettings = {
				ALWAYS_SEARCH_USER_PATHS = NO;
				CLANG_ANALYZER_NONNULL = YES;
				CLANG_ANALYZER_NUMBER_OBJECT_CONVERSION = YES_AGGRESSIVE;
				CLANG_CXX_LANGUAGE_STANDARD = "gnu++14";
				CLANG_CXX_LIBRARY = "libc++";
				CLANG_ENABLE_MODULES = YES;
				CLANG_ENABLE_OBJC_ARC = YES;
				CLANG_ENABLE_OBJC_WEAK = YES;
				CLANG_WARN_BLOCK_CAPTURE_AUTORELEASING = YES;
				CLANG_WARN_BOOL_CONVERSION = YES;
				CLANG_WARN_COMMA = YES;
				CLANG_WARN_CONSTANT_CONVERSION = YES;
				CLANG_WARN_DEPRECATED_OBJC_IMPLEMENTATIONS = YES;
				CLANG_WARN_DIRECT_OBJC_ISA_USAGE = YES_ERROR;
				CLANG_WARN_DOCUMENTATION_COMMENTS = YES;
				CLANG_WARN_EMPTY_BODY = YES;
				CLANG_WARN_ENUM_CONVERSION = YES;
				CLANG_WARN_INFINITE_RECURSION = YES;
				CLANG_WARN_INT_CONVERSION = YES;
				CLANG_WARN_NON_LITERAL_NULL_CONVERSION = YES;
				CLANG_WARN_OBJC_IMPLICIT_RETAIN_SELF = YES;
				CLANG_WARN_OBJC_LITERAL_CONVERSION = YES;
				CLANG_WARN_OBJC_ROOT_CLASS = YES_ERROR;
				CLANG_WARN_QUOTED_INCLUDE_IN_FRAMEWORK_HEADER = YES;
				CLANG_WARN_RANGE_LOOP_ANALYSIS = YES;
				CLANG_WARN_STRICT_PROTOTYPES = YES;
				CLANG_WARN_SUSPICIOUS_MOVE = YES;
				CLANG_WARN_UNGUARDED_AVAILABILITY = YES_AGGRESSIVE;
				CLANG_WARN_UNREACHABLE_CODE = YES;
				CLANG_WARN__DUPLICATE_METHOD_MATCH = YES;
				COPY_PHASE_STRIP = NO;
				DEBUG_INFORMATION_FORMAT = "dwarf-with-dsym";
				ENABLE_NS_ASSERTIONS = NO;
				ENABLE_STRICT_OBJC_MSGSEND = YES;
				GCC_C_LANGUAGE_STANDARD = gnu11;
				GCC_NO_COMMON_BLOCKS = YES;
				GCC_WARN_64_TO_32_BIT_CONVERSION = YES;
				GCC_WARN_ABOUT_RETURN_TYPE = YES_ERROR;
				GCC_WARN_UNDECLARED_SELECTOR = YES;
				GCC_WARN_UNINITIALIZED_AUTOS = YES_AGGRESSIVE;
				GCC_WARN_UNUSED_FUNCTION = YES;
				GCC_WARN_UNUSED_VARIABLE = YES;
				IPHONEOS_DEPLOYMENT_TARGET = 14.3;
				MTL_ENABLE_DEBUG_INFO = NO;
				MTL_FAST_MATH = YES;
				SDKROOT = iphoneos;
				SWIFT_COMPILATION_MODE = wholemodule;
				SWIFT_OPTIMIZATION_LEVEL = "-O";
				VALIDATE_PRODUCT = YES;
			};
			name = Release;
		};
		DCD8618125991D9F009AA4AE /* Debug */ = {
			isa = XCBuildConfiguration;
			buildSettings = {
				ASSETCATALOG_COMPILER_APPICON_NAME = AppIcon;
				ASSETCATALOG_COMPILER_GLOBAL_ACCENT_COLOR_NAME = AccentColor;
				CODE_SIGN_STYLE = Automatic;
				DEVELOPMENT_ASSET_PATHS = "\"dosomething/Preview Content\"";
				DEVELOPMENT_TEAM = 3384DUVS8J;
				ENABLE_PREVIEWS = YES;
				INFOPLIST_FILE = dosomething/Info.plist;
				IPHONEOS_DEPLOYMENT_TARGET = 14.0;
				LD_RUNPATH_SEARCH_PATHS = (
					"$(inherited)",
					"@executable_path/Frameworks",
				);
				PRODUCT_BUNDLE_IDENTIFIER = dev.scribbling.dosomething;
				PRODUCT_NAME = "$(TARGET_NAME)";
				SWIFT_VERSION = 5.0;
				TARGETED_DEVICE_FAMILY = "1,2";
			};
			name = Debug;
		};
		DCD8618225991D9F009AA4AE /* Release */ = {
			isa = XCBuildConfiguration;
			buildSettings = {
				ASSETCATALOG_COMPILER_APPICON_NAME = AppIcon;
				ASSETCATALOG_COMPILER_GLOBAL_ACCENT_COLOR_NAME = AccentColor;
				CODE_SIGN_STYLE = Automatic;
				DEVELOPMENT_ASSET_PATHS = "\"dosomething/Preview Content\"";
				DEVELOPMENT_TEAM = 3384DUVS8J;
				ENABLE_PREVIEWS = YES;
				INFOPLIST_FILE = dosomething/Info.plist;
				IPHONEOS_DEPLOYMENT_TARGET = 14.0;
				LD_RUNPATH_SEARCH_PATHS = (
					"$(inherited)",
					"@executable_path/Frameworks",
				);
				PRODUCT_BUNDLE_IDENTIFIER = dev.scribbling.dosomething;
				PRODUCT_NAME = "$(TARGET_NAME)";
				SWIFT_VERSION = 5.0;
				TARGETED_DEVICE_FAMILY = "1,2";
			};
			name = Release;
		};
/* End XCBuildConfiguration section */

/* Begin XCConfigurationList section */
		DCD8616C25991D9C009AA4AE /* Build configuration list for PBXProject "dosomething" */ = {
			isa = XCConfigurationList;
			buildConfigurations = (
				DCD8617E25991D9F009AA4AE /* Debug */,
				DCD8617F25991D9F009AA4AE /* Release */,
			);
			defaultConfigurationIsVisible = 0;
			defaultConfigurationName = Release;
		};
		DCD8618025991D9F009AA4AE /* Build configuration list for PBXNativeTarget "dosomething" */ = {
			isa = XCConfigurationList;
			buildConfigurations = (
				DCD8618125991D9F009AA4AE /* Debug */,
				DCD8618225991D9F009AA4AE /* Release */,
			);
			defaultConfigurationIsVisible = 0;
			defaultConfigurationName = Release;
		};
/* End XCConfigurationList section */
	};
	rootObject = DCD8616925991D9C009AA4AE /* Project object */;
}
